
Microsoft Visual Studio Solution File, Format Version 12.00
# Visual Studio Version 17
VisualStudioVersion = 17.1.32210.238
MinimumVisualStudioVersion = 10.0.40219.1
Project("{9A19103F-16F7-4668-BE54-9A1E7A4F7556}") = "main_process", "main_process\main_process.csproj", "{FB2D125D-BF3E-4310-9872-E771ED8C6D2A}"
	ProjectSection(ProjectDependencies) = postProject
		{EA2071AC-71EE-4E7E-AD2B-AFA33BE2FF13} = {EA2071AC-71EE-4E7E-AD2B-AFA33BE2FF13}
	EndProjectSection
EndProject
Project("{9A19103F-16F7-4668-BE54-9A1E7A4F7556}") = "cTrader.Automate.Host.NetCore", "cTrader.Automate.Host.NetCore\cTrader.Automate.Host.NetCore.csproj", "{EA2071AC-71EE-4E7E-AD2B-AFA33BE2FF13}"
EndProject
Global
	GlobalSection(SolutionConfigurationPlatforms) = preSolution
		Debug|Any CPU = Debug|Any CPU
		Release|Any CPU = Release|Any CPU
	EndGlobalSection
	GlobalSection(ProjectConfigurationPlatforms) = postSolution
		{FB2D125D-BF3E-4310-9872-E771ED8C6D2A}.Debug|Any CPU.ActiveCfg = Debug|Any CPU
		{FB2D125D-BF3E-4310-9872-E771ED8C6D2A}.Debug|Any CPU.Build.0 = Debug|Any CPU
		{FB2D125D-BF3E-4310-9872-E771ED8C6D2A}.Release|Any CPU.ActiveCfg = Release|Any CPU
		{FB2D125D-BF3E-4310-9872-E771ED8C6D2A}.Release|Any CPU.Build.0 = Release|Any CPU
		{EA2071AC-71EE-4E7E-AD2B-AFA33BE2FF13}.Debug|Any CPU.ActiveCfg = Debug|Any CPU
		{EA2071AC-71EE-4E7E-AD2B-AFA33BE2FF13}.Debug|Any CPU.Build.0 = Debug|Any CPU
		{EA2071AC-71EE-4E7E-AD2B-AFA33BE2FF13}.Release|Any CPU.ActiveCfg = Release|Any CPU
		{EA2071AC-71EE-4E7E-AD2B-AFA33BE2FF13}.Release|Any CPU.Build.0 = Release|Any CPU
	EndGlobalSection
	GlobalSection(SolutionProperties) = preSolution
		HideSolutionNode = FALSE
	EndGlobalSection
	GlobalSection(ExtensibilityGlobals) = postSolution
		SolutionGuid = {17994FC8-E6ED-44C3-BF6F-1E0E3282F7F6}
	EndGlobalSection
EndGlobal
